
Microsoft Visual Studio Solution File, Format Version 11.00
# Visual Studio 2010
Project("{FAE04EC0-301F-11D3-BF4B-00C04F79EFBC}") = "TCResourceVerifierApp", "TCResourceVerifierApp\TCResourceVerifierApp.csproj", "{865D11F3-5054-43FF-9121-9B1E8CF71DCB}"
EndProject
Project("{FAE04EC0-301F-11D3-BF4B-00C04F79EFBC}") = "TCResourceVerifier", "TCResourceVerifier\TCResourceVerifier.csproj", "{6BD82076-44F9-4395-A1D0-05BB10CAA5AE}"
EndProject
Project("{FAE04EC0-301F-11D3-BF4B-00C04F79EFBC}") = "TCResourceVerifierConsole", "TCResourceVerifierConsole\TCResourceVerifierConsole.csproj", "{1DC99A00-6C2B-4BD4-A3A2-C8ED58CA7EAC}"
EndProject
Global
	GlobalSection(SolutionConfigurationPlatforms) = preSolution
		Debug|Any CPU = Debug|Any CPU
		Debug|Mixed Platforms = Debug|Mixed Platforms
		Debug|x86 = Debug|x86
		Release|Any CPU = Release|Any CPU
		Release|Mixed Platforms = Release|Mixed Platforms
		Release|x86 = Release|x86
	EndGlobalSection
	GlobalSection(ProjectConfigurationPlatforms) = postSolution
		{865D11F3-5054-43FF-9121-9B1E8CF71DCB}.Debug|Any CPU.ActiveCfg = Debug|x86
		{865D11F3-5054-43FF-9121-9B1E8CF71DCB}.Debug|Mixed Platforms.ActiveCfg = Debug|x86
		{865D11F3-5054-43FF-9121-9B1E8CF71DCB}.Debug|Mixed Platforms.Build.0 = Debug|x86
		{865D11F3-5054-43FF-9121-9B1E8CF71DCB}.Debug|x86.ActiveCfg = Debug|x86
		{865D11F3-5054-43FF-9121-9B1E8CF71DCB}.Debug|x86.Build.0 = Debug|x86
		{865D11F3-5054-43FF-9121-9B1E8CF71DCB}.Release|Any CPU.ActiveCfg = Release|x86
		{865D11F3-5054-43FF-9121-9B1E8CF71DCB}.Release|Mixed Platforms.ActiveCfg = Release|x86
		{865D11F3-5054-43FF-9121-9B1E8CF71DCB}.Release|Mixed Platforms.Build.0 = Release|x86
		{865D11F3-5054-43FF-9121-9B1E8CF71DCB}.Release|x86.ActiveCfg = Release|x86
		{865D11F3-5054-43FF-9121-9B1E8CF71DCB}.Release|x86.Build.0 = Release|x86
		{6BD82076-44F9-4395-A1D0-05BB10CAA5AE}.Debug|Any CPU.ActiveCfg = Debug|Any CPU
		{6BD82076-44F9-4395-A1D0-05BB10CAA5AE}.Debug|Any CPU.Build.0 = Debug|Any CPU
		{6BD82076-44F9-4395-A1D0-05BB10CAA5AE}.Debug|Mixed Platforms.ActiveCfg = Debug|Any CPU
		{6BD82076-44F9-4395-A1D0-05BB10CAA5AE}.Debug|Mixed Platforms.Build.0 = Debug|Any CPU
		{6BD82076-44F9-4395-A1D0-05BB10CAA5AE}.Debug|x86.ActiveCfg = Debug|Any CPU
		{6BD82076-44F9-4395-A1D0-05BB10CAA5AE}.Release|Any CPU.ActiveCfg = Release|Any CPU
		{6BD82076-44F9-4395-A1D0-05BB10CAA5AE}.Release|Any CPU.Build.0 = Release|Any CPU
		{6BD82076-44F9-4395-A1D0-05BB10CAA5AE}.Release|Mixed Platforms.ActiveCfg = Release|Any CPU
		{6BD82076-44F9-4395-A1D0-05BB10CAA5AE}.Release|Mixed Platforms.Build.0 = Release|Any CPU
		{6BD82076-44F9-4395-A1D0-05BB10CAA5AE}.Release|x86.ActiveCfg = Release|Any CPU
		{1DC99A00-6C2B-4BD4-A3A2-C8ED58CA7EAC}.Debug|Any CPU.ActiveCfg = Debug|x86
		{1DC99A00-6C2B-4BD4-A3A2-C8ED58CA7EAC}.Debug|Mixed Platforms.ActiveCfg = Debug|x86
		{1DC99A00-6C2B-4BD4-A3A2-C8ED58CA7EAC}.Debug|Mixed Platforms.Build.0 = Debug|x86
		{1DC99A00-6C2B-4BD4-A3A2-C8ED58CA7EAC}.Debug|x86.ActiveCfg = Debug|x86
		{1DC99A00-6C2B-4BD4-A3A2-C8ED58CA7EAC}.Debug|x86.Build.0 = Debug|x86
		{1DC99A00-6C2B-4BD4-A3A2-C8ED58CA7EAC}.Release|Any CPU.ActiveCfg = Release|x86
		{1DC99A00-6C2B-4BD4-A3A2-C8ED58CA7EAC}.Release|Mixed Platforms.ActiveCfg = Release|x86
		{1DC99A00-6C2B-4BD4-A3A2-C8ED58CA7EAC}.Release|Mixed Platforms.Build.0 = Release|x86
		{1DC99A00-6C2B-4BD4-A3A2-C8ED58CA7EAC}.Release|x86.ActiveCfg = Release|x86
		{1DC99A00-6C2B-4BD4-A3A2-C8ED58CA7EAC}.Release|x86.Build.0 = Release|x86
	EndGlobalSection
	GlobalSection(SolutionProperties) = preSolution
		HideSolutionNode = FALSE
	EndGlobalSection
EndGlobal
